// !$*UTF8*$!
{
	archiveVersion = 1;
	classes = {
	};
	objectVersion = 48;
	objects = {

/* Begin PBXBuildFile section */
		0FC59766BC99E8474D4511B0 /* Pods_Shimmer_POCTests.framework in Frameworks */ = {isa = PBXBuildFile; fileRef = 60B39660D7828999D169E8FD /* Pods_Shimmer_POCTests.framework */; };
		3EC94C0D20591E1800627F2B /* AppDelegate.swift in Sources */ = {isa = PBXBuildFile; fileRef = 3EC94C0C20591E1800627F2B /* AppDelegate.swift */; };
		3EC94C1220591E1800627F2B /* Main.storyboard in Resources */ = {isa = PBXBuildFile; fileRef = 3EC94C1020591E1800627F2B /* Main.storyboard */; };
		3EC94C1720591E1800627F2B /* Assets.xcassets in Resources */ = {isa = PBXBuildFile; fileRef = 3EC94C1620591E1800627F2B /* Assets.xcassets */; };
		3EC94C1A20591E1800627F2B /* LaunchScreen.storyboard in Resources */ = {isa = PBXBuildFile; fileRef = 3EC94C1820591E1800627F2B /* LaunchScreen.storyboard */; };
		415FB3FB218AC6BD00F43434 /* DayDataModel.swift in Sources */ = {isa = PBXBuildFile; fileRef = 415FB3FA218AC6BD00F43434 /* DayDataModel.swift */; };
		415FB3FD218B193C00F43434 /* WeekDataModel.swift in Sources */ = {isa = PBXBuildFile; fileRef = 415FB3FC218B193C00F43434 /* WeekDataModel.swift */; };
		4171FE2621916FFC00A0BAA7 /* AppTheme.swift in Sources */ = {isa = PBXBuildFile; fileRef = 4171FE2521916FFC00A0BAA7 /* AppTheme.swift */; };
		4171FE272191882C00A0BAA7 /* OpenSans-Bold.ttf in Resources */ = {isa = PBXBuildFile; fileRef = 4171FE1D21916C5600A0BAA7 /* OpenSans-Bold.ttf */; };
		4171FE282191882F00A0BAA7 /* OpenSans-BoldItalic.ttf in Resources */ = {isa = PBXBuildFile; fileRef = 4171FE2021916C5600A0BAA7 /* OpenSans-BoldItalic.ttf */; };
		4171FE292191883400A0BAA7 /* OpenSans-ExtraBold.ttf in Resources */ = {isa = PBXBuildFile; fileRef = 4171FE2321916C5600A0BAA7 /* OpenSans-ExtraBold.ttf */; };
		4171FE2A2191883400A0BAA7 /* OpenSans-ExtraBoldItalic.ttf in Resources */ = {isa = PBXBuildFile; fileRef = 4171FE2121916C5600A0BAA7 /* OpenSans-ExtraBoldItalic.ttf */; };
		4171FE2B2191883400A0BAA7 /* OpenSans-Italic.ttf in Resources */ = {isa = PBXBuildFile; fileRef = 4171FE1E21916C5600A0BAA7 /* OpenSans-Italic.ttf */; };
		4171FE2C2191883400A0BAA7 /* OpenSans-Light.ttf in Resources */ = {isa = PBXBuildFile; fileRef = 4171FE1B21916C5600A0BAA7 /* OpenSans-Light.ttf */; };
		4171FE2D2191883400A0BAA7 /* OpenSans-LightItalic.ttf in Resources */ = {isa = PBXBuildFile; fileRef = 4171FE1F21916C5600A0BAA7 /* OpenSans-LightItalic.ttf */; };
		4171FE2E2191883400A0BAA7 /* OpenSans-Regular.ttf in Resources */ = {isa = PBXBuildFile; fileRef = 4171FE1C21916C5600A0BAA7 /* OpenSans-Regular.ttf */; };
		4171FE2F2191883400A0BAA7 /* OpenSans-SemiBold.ttf in Resources */ = {isa = PBXBuildFile; fileRef = 4171FE2221916C5600A0BAA7 /* OpenSans-SemiBold.ttf */; };
		4171FE302191883400A0BAA7 /* OpenSans-SemiBoldItalic.ttf in Resources */ = {isa = PBXBuildFile; fileRef = 4171FE2421916C5600A0BAA7 /* OpenSans-SemiBoldItalic.ttf */; };
		4171FE3621919DAE00A0BAA7 /* Comfortaa-Bold.ttf in Resources */ = {isa = PBXBuildFile; fileRef = 4171FE3321919DAE00A0BAA7 /* Comfortaa-Bold.ttf */; };
		4171FE3721919DAE00A0BAA7 /* Comfortaa-Regular.ttf in Resources */ = {isa = PBXBuildFile; fileRef = 4171FE3421919DAE00A0BAA7 /* Comfortaa-Regular.ttf */; };
		4171FE3821919DAE00A0BAA7 /* Comfortaa-Light.ttf in Resources */ = {isa = PBXBuildFile; fileRef = 4171FE3521919DAE00A0BAA7 /* Comfortaa-Light.ttf */; };
		4190C58A21956A4F003104DA /* UIApplicationExtension.swift in Sources */ = {isa = PBXBuildFile; fileRef = 4190C58921956A4F003104DA /* UIApplicationExtension.swift */; };
		41DB407A21874D1700EA7877 /* HourDataModel.swift in Sources */ = {isa = PBXBuildFile; fileRef = 41DB407921874D1700EA7877 /* HourDataModel.swift */; };
		73D21164059876E5B2A42F6F /* Pods_Shimmer_POCUITests.framework in Frameworks */ = {isa = PBXBuildFile; fileRef = 480F134EB6C1E8D51C3F4586 /* Pods_Shimmer_POCUITests.framework */; };
		B6CF7CAC20BED4F70028765A /* DateExtension.swift in Sources */ = {isa = PBXBuildFile; fileRef = B6CF7CAB20BED4F70028765A /* DateExtension.swift */; };
		B6CF7CAE20BED53C0028765A /* ColorExtension.swift in Sources */ = {isa = PBXBuildFile; fileRef = B6CF7CAD20BED53C0028765A /* ColorExtension.swift */; };
		BF07FD91220C51D20094997E /* DBDataModel.swift in Sources */ = {isa = PBXBuildFile; fileRef = BF07FD90220C51D20094997E /* DBDataModel.swift */; };
		BF0D5F3B21E5D4E700071335 /* CommonMethods.swift in Sources */ = {isa = PBXBuildFile; fileRef = BF0D5F3A21E5D4E700071335 /* CommonMethods.swift */; };
		BF18DBDA2269D2A300534BDD /* MKProgress.framework in Frameworks */ = {isa = PBXBuildFile; fileRef = BF18DBD92269D2A300534BDD /* MKProgress.framework */; };
		BF5D2550220311D400BB6404 /* TSHealthManager.swift in Sources */ = {isa = PBXBuildFile; fileRef = BF5D254F220311D400BB6404 /* TSHealthManager.swift */; };
		BF64B3FD21FB116F0003AEFE /* HealthSourceViewController.swift in Sources */ = {isa = PBXBuildFile; fileRef = BF64B3FC21FB116F0003AEFE /* HealthSourceViewController.swift */; };
		BF64B3FF21FB11950003AEFE /* WebAuthViewController.swift in Sources */ = {isa = PBXBuildFile; fileRef = BF64B3FE21FB11950003AEFE /* WebAuthViewController.swift */; };
		BF64B40421FB13B40003AEFE /* SourceModel.swift in Sources */ = {isa = PBXBuildFile; fileRef = BF64B40321FB13B40003AEFE /* SourceModel.swift */; };
		BF8558F82225680F00E0993C /* DesignableView.swift in Sources */ = {isa = PBXBuildFile; fileRef = BF8558F72225680F00E0993C /* DesignableView.swift */; };
		BF8AB29D220DC396001E1DD1 /* SourceDB+CoreDataClass.swift in Sources */ = {isa = PBXBuildFile; fileRef = BF8AB29B220DC396001E1DD1 /* SourceDB+CoreDataClass.swift */; };
		BF8AB29E220DC396001E1DD1 /* SourceDB+CoreDataProperties.swift in Sources */ = {isa = PBXBuildFile; fileRef = BF8AB29C220DC396001E1DD1 /* SourceDB+CoreDataProperties.swift */; };
		BF9F7913221E6A8700793C52 /* Connectivity.swift in Sources */ = {isa = PBXBuildFile; fileRef = BF9F7912221E6A8700793C52 /* Connectivity.swift */; };
		BFA00FF3220B1898003BADF8 /* TSFitBitManager.swift in Sources */ = {isa = PBXBuildFile; fileRef = BF5D25512203121A00BB6404 /* TSFitBitManager.swift */; };
		BFA00FF4220B1898003BADF8 /* TSMisFitManager.swift in Sources */ = {isa = PBXBuildFile; fileRef = BF5D25532203125100BB6404 /* TSMisFitManager.swift */; };
		BFB84093229E7E450060FF7A /* SourceSelectionCell.swift in Sources */ = {isa = PBXBuildFile; fileRef = BFB8408F229E7E450060FF7A /* SourceSelectionCell.swift */; };
		BFCEAFC322087D4A0052F972 /* MonthDataModel.swift in Sources */ = {isa = PBXBuildFile; fileRef = BFCEAFC222087D4A0052F972 /* MonthDataModel.swift */; };
		BFD51CCB21E4B7CE008D0480 /* Enums.swift in Sources */ = {isa = PBXBuildFile; fileRef = BFD51CCA21E4B7CE008D0480 /* Enums.swift */; };
		BFDA8EC7220030CA001C0C5A /* WebServicesUtil.swift in Sources */ = {isa = PBXBuildFile; fileRef = BFDA8EC6220030CA001C0C5A /* WebServicesUtil.swift */; };
		BFDA8ECB2200310F001C0C5A /* AppConstant.swift in Sources */ = {isa = PBXBuildFile; fileRef = BFDA8ECA2200310F001C0C5A /* AppConstant.swift */; };
		BFDDE1122201BE6C007B1E91 /* ProgressDataModel.swift in Sources */ = {isa = PBXBuildFile; fileRef = BFDDE1112201BE6C007B1E91 /* ProgressDataModel.swift */; };
		D3B4992E1CE27D7E17EE2C43 /* Pods_Shimmer_POC.framework in Frameworks */ = {isa = PBXBuildFile; fileRef = A568E29593E04FEC69974D48 /* Pods_Shimmer_POC.framework */; };
/* End PBXBuildFile section */

/* Begin PBXContainerItemProxy section */
		3EC94C2120591E1800627F2B /* PBXContainerItemProxy */ = {
			isa = PBXContainerItemProxy;
			containerPortal = 3EC94C0120591E1800627F2B /* Project object */;
			proxyType = 1;
			remoteGlobalIDString = 3EC94C0820591E1800627F2B;
			remoteInfo = StepsTracker;
		};
		3EC94C2C20591E1800627F2B /* PBXContainerItemProxy */ = {
			isa = PBXContainerItemProxy;
			containerPortal = 3EC94C0120591E1800627F2B /* Project object */;
			proxyType = 1;
			remoteGlobalIDString = 3EC94C0820591E1800627F2B;
			remoteInfo = StepsTracker;
		};
/* End PBXContainerItemProxy section */

/* Begin PBXCopyFilesBuildPhase section */
		BF292F7A226A0DE400EF384A /* Embed Frameworks */ = {
			isa = PBXCopyFilesBuildPhase;
			buildActionMask = 2147483647;
			dstPath = "";
			dstSubfolderSpec = 10;
			files = (
			);
			name = "Embed Frameworks";
			runOnlyForDeploymentPostprocessing = 0;
		};
/* End PBXCopyFilesBuildPhase section */

/* Begin PBXFileReference section */
		366C98CE80A2B8CEA70929AC /* Pods-Shimmer-POCUITests.release.xcconfig */ = {isa = PBXFileReference; includeInIndex = 1; lastKnownFileType = text.xcconfig; name = "Pods-Shimmer-POCUITests.release.xcconfig"; path = "Pods/Target Support Files/Pods-Shimmer-POCUITests/Pods-Shimmer-POCUITests.release.xcconfig"; sourceTree = "<group>"; };
		3EC94C0920591E1800627F2B /* Shimmer-POC.app */ = {isa = PBXFileReference; explicitFileType = wrapper.application; includeInIndex = 0; path = "Shimmer-POC.app"; sourceTree = BUILT_PRODUCTS_DIR; };
		3EC94C0C20591E1800627F2B /* AppDelegate.swift */ = {isa = PBXFileReference; lastKnownFileType = sourcecode.swift; path = AppDelegate.swift; sourceTree = "<group>"; };
		3EC94C1120591E1800627F2B /* Base */ = {isa = PBXFileReference; lastKnownFileType = file.storyboard; name = Base; path = Base.lproj/Main.storyboard; sourceTree = "<group>"; };
		3EC94C1620591E1800627F2B /* Assets.xcassets */ = {isa = PBXFileReference; lastKnownFileType = folder.assetcatalog; path = Assets.xcassets; sourceTree = "<group>"; };
		3EC94C1920591E1800627F2B /* Base */ = {isa = PBXFileReference; lastKnownFileType = file.storyboard; name = Base; path = Base.lproj/LaunchScreen.storyboard; sourceTree = "<group>"; };
		3EC94C1B20591E1800627F2B /* Info.plist */ = {isa = PBXFileReference; lastKnownFileType = text.plist.xml; path = Info.plist; sourceTree = "<group>"; };
		3EC94C2020591E1800627F2B /* Shimmer-POCTests.xctest */ = {isa = PBXFileReference; explicitFileType = wrapper.cfbundle; includeInIndex = 0; path = "Shimmer-POCTests.xctest"; sourceTree = BUILT_PRODUCTS_DIR; };
		3EC94C2B20591E1800627F2B /* Shimmer-POCUITests.xctest */ = {isa = PBXFileReference; explicitFileType = wrapper.cfbundle; includeInIndex = 0; path = "Shimmer-POCUITests.xctest"; sourceTree = BUILT_PRODUCTS_DIR; };
		3EC94C45205A924700627F2B /* Shimmer-POC.entitlements */ = {isa = PBXFileReference; lastKnownFileType = text.plist.entitlements; path = "Shimmer-POC.entitlements"; sourceTree = "<group>"; };
		410C0DD1F9BE6C7ED0EF5B33 /* Pods-Shimmer-POCTests.debug.xcconfig */ = {isa = PBXFileReference; includeInIndex = 1; lastKnownFileType = text.xcconfig; name = "Pods-Shimmer-POCTests.debug.xcconfig"; path = "Pods/Target Support Files/Pods-Shimmer-POCTests/Pods-Shimmer-POCTests.debug.xcconfig"; sourceTree = "<group>"; };
		415FB3FA218AC6BD00F43434 /* DayDataModel.swift */ = {isa = PBXFileReference; lastKnownFileType = sourcecode.swift; path = DayDataModel.swift; sourceTree = "<group>"; };
		415FB3FC218B193C00F43434 /* WeekDataModel.swift */ = {isa = PBXFileReference; lastKnownFileType = sourcecode.swift; path = WeekDataModel.swift; sourceTree = "<group>"; };
		4171FE1B21916C5600A0BAA7 /* OpenSans-Light.ttf */ = {isa = PBXFileReference; lastKnownFileType = file; path = "OpenSans-Light.ttf"; sourceTree = "<group>"; };
		4171FE1C21916C5600A0BAA7 /* OpenSans-Regular.ttf */ = {isa = PBXFileReference; lastKnownFileType = file; path = "OpenSans-Regular.ttf"; sourceTree = "<group>"; };
		4171FE1D21916C5600A0BAA7 /* OpenSans-Bold.ttf */ = {isa = PBXFileReference; lastKnownFileType = file; path = "OpenSans-Bold.ttf"; sourceTree = "<group>"; };
		4171FE1E21916C5600A0BAA7 /* OpenSans-Italic.ttf */ = {isa = PBXFileReference; lastKnownFileType = file; path = "OpenSans-Italic.ttf"; sourceTree = "<group>"; };
		4171FE1F21916C5600A0BAA7 /* OpenSans-LightItalic.ttf */ = {isa = PBXFileReference; lastKnownFileType = file; path = "OpenSans-LightItalic.ttf"; sourceTree = "<group>"; };
		4171FE2021916C5600A0BAA7 /* OpenSans-BoldItalic.ttf */ = {isa = PBXFileReference; lastKnownFileType = file; path = "OpenSans-BoldItalic.ttf"; sourceTree = "<group>"; };
		4171FE2121916C5600A0BAA7 /* OpenSans-ExtraBoldItalic.ttf */ = {isa = PBXFileReference; lastKnownFileType = file; path = "OpenSans-ExtraBoldItalic.ttf"; sourceTree = "<group>"; };
		4171FE2221916C5600A0BAA7 /* OpenSans-SemiBold.ttf */ = {isa = PBXFileReference; lastKnownFileType = file; path = "OpenSans-SemiBold.ttf"; sourceTree = "<group>"; };
		4171FE2321916C5600A0BAA7 /* OpenSans-ExtraBold.ttf */ = {isa = PBXFileReference; lastKnownFileType = file; path = "OpenSans-ExtraBold.ttf"; sourceTree = "<group>"; };
		4171FE2421916C5600A0BAA7 /* OpenSans-SemiBoldItalic.ttf */ = {isa = PBXFileReference; lastKnownFileType = file; path = "OpenSans-SemiBoldItalic.ttf"; sourceTree = "<group>"; };
		4171FE2521916FFC00A0BAA7 /* AppTheme.swift */ = {isa = PBXFileReference; lastKnownFileType = sourcecode.swift; path = AppTheme.swift; sourceTree = "<group>"; };
		4171FE3321919DAE00A0BAA7 /* Comfortaa-Bold.ttf */ = {isa = PBXFileReference; lastKnownFileType = file; path = "Comfortaa-Bold.ttf"; sourceTree = "<group>"; };
		4171FE3421919DAE00A0BAA7 /* Comfortaa-Regular.ttf */ = {isa = PBXFileReference; lastKnownFileType = file; path = "Comfortaa-Regular.ttf"; sourceTree = "<group>"; };
		4171FE3521919DAE00A0BAA7 /* Comfortaa-Light.ttf */ = {isa = PBXFileReference; lastKnownFileType = file; path = "Comfortaa-Light.ttf"; sourceTree = "<group>"; };
		418C8DFA219AB17400C1A6DA /* SwiftDate.framework */ = {isa = PBXFileReference; explicitFileType = wrapper.framework; path = SwiftDate.framework; sourceTree = BUILT_PRODUCTS_DIR; };
		4190C58921956A4F003104DA /* UIApplicationExtension.swift */ = {isa = PBXFileReference; lastKnownFileType = sourcecode.swift; path = UIApplicationExtension.swift; sourceTree = "<group>"; };
		41DB407221870FBF00EA7877 /* Charts.framework */ = {isa = PBXFileReference; explicitFileType = wrapper.framework; path = Charts.framework; sourceTree = BUILT_PRODUCTS_DIR; };
		41DB407421870FBF00EA7877 /* CircularSliderProgress.framework */ = {isa = PBXFileReference; explicitFileType = wrapper.framework; path = CircularSliderProgress.framework; sourceTree = BUILT_PRODUCTS_DIR; };
		41DB407921874D1700EA7877 /* HourDataModel.swift */ = {isa = PBXFileReference; lastKnownFileType = sourcecode.swift; path = HourDataModel.swift; sourceTree = "<group>"; };
		4549AD3CC01BD48B80AE58F7 /* Pods-Shimmer-POC.debug.xcconfig */ = {isa = PBXFileReference; includeInIndex = 1; lastKnownFileType = text.xcconfig; name = "Pods-Shimmer-POC.debug.xcconfig"; path = "Pods/Target Support Files/Pods-Shimmer-POC/Pods-Shimmer-POC.debug.xcconfig"; sourceTree = "<group>"; };
		480F134EB6C1E8D51C3F4586 /* Pods_Shimmer_POCUITests.framework */ = {isa = PBXFileReference; explicitFileType = wrapper.framework; includeInIndex = 0; path = Pods_Shimmer_POCUITests.framework; sourceTree = BUILT_PRODUCTS_DIR; };
		60B39660D7828999D169E8FD /* Pods_Shimmer_POCTests.framework */ = {isa = PBXFileReference; explicitFileType = wrapper.framework; includeInIndex = 0; path = Pods_Shimmer_POCTests.framework; sourceTree = BUILT_PRODUCTS_DIR; };
		868D5B65ED1EE2C8214A231C /* Pods-Shimmer-POCTests.release.xcconfig */ = {isa = PBXFileReference; includeInIndex = 1; lastKnownFileType = text.xcconfig; name = "Pods-Shimmer-POCTests.release.xcconfig"; path = "Pods/Target Support Files/Pods-Shimmer-POCTests/Pods-Shimmer-POCTests.release.xcconfig"; sourceTree = "<group>"; };
		A1434147B1ECF75FC9840810 /* Pods-Shimmer-POC.release.xcconfig */ = {isa = PBXFileReference; includeInIndex = 1; lastKnownFileType = text.xcconfig; name = "Pods-Shimmer-POC.release.xcconfig"; path = "Pods/Target Support Files/Pods-Shimmer-POC/Pods-Shimmer-POC.release.xcconfig"; sourceTree = "<group>"; };
		A568E29593E04FEC69974D48 /* Pods_Shimmer_POC.framework */ = {isa = PBXFileReference; explicitFileType = wrapper.framework; includeInIndex = 0; path = Pods_Shimmer_POC.framework; sourceTree = BUILT_PRODUCTS_DIR; };
		B6CF7CAB20BED4F70028765A /* DateExtension.swift */ = {isa = PBXFileReference; lastKnownFileType = sourcecode.swift; path = DateExtension.swift; sourceTree = "<group>"; };
		B6CF7CAD20BED53C0028765A /* ColorExtension.swift */ = {isa = PBXFileReference; lastKnownFileType = sourcecode.swift; path = ColorExtension.swift; sourceTree = "<group>"; };
		BF03F3ED226897690016F868 /* SwiftFHIR.framework */ = {isa = PBXFileReference; explicitFileType = wrapper.framework; path = SwiftFHIR.framework; sourceTree = BUILT_PRODUCTS_DIR; };
		BF07FD90220C51D20094997E /* DBDataModel.swift */ = {isa = PBXFileReference; lastKnownFileType = sourcecode.swift; path = DBDataModel.swift; sourceTree = "<group>"; };
		BF0D5F3A21E5D4E700071335 /* CommonMethods.swift */ = {isa = PBXFileReference; lastKnownFileType = sourcecode.swift; path = CommonMethods.swift; sourceTree = "<group>"; };
		BF18DBD92269D2A300534BDD /* MKProgress.framework */ = {isa = PBXFileReference; explicitFileType = wrapper.framework; path = MKProgress.framework; sourceTree = BUILT_PRODUCTS_DIR; };
		BF5D254F220311D400BB6404 /* TSHealthManager.swift */ = {isa = PBXFileReference; lastKnownFileType = sourcecode.swift; path = TSHealthManager.swift; sourceTree = "<group>"; };
		BF5D25512203121A00BB6404 /* TSFitBitManager.swift */ = {isa = PBXFileReference; lastKnownFileType = sourcecode.swift; path = TSFitBitManager.swift; sourceTree = "<group>"; };
		BF5D25532203125100BB6404 /* TSMisFitManager.swift */ = {isa = PBXFileReference; lastKnownFileType = sourcecode.swift; path = TSMisFitManager.swift; sourceTree = "<group>"; };
		BF64B3FC21FB116F0003AEFE /* HealthSourceViewController.swift */ = {isa = PBXFileReference; lastKnownFileType = sourcecode.swift; path = HealthSourceViewController.swift; sourceTree = "<group>"; };
		BF64B3FE21FB11950003AEFE /* WebAuthViewController.swift */ = {isa = PBXFileReference; lastKnownFileType = sourcecode.swift; path = WebAuthViewController.swift; sourceTree = "<group>"; };
		BF64B40321FB13B40003AEFE /* SourceModel.swift */ = {isa = PBXFileReference; lastKnownFileType = sourcecode.swift; path = SourceModel.swift; sourceTree = "<group>"; };
		BF8558F72225680F00E0993C /* DesignableView.swift */ = {isa = PBXFileReference; lastKnownFileType = sourcecode.swift; path = DesignableView.swift; sourceTree = "<group>"; };
		BF8AB29B220DC396001E1DD1 /* SourceDB+CoreDataClass.swift */ = {isa = PBXFileReference; lastKnownFileType = sourcecode.swift; path = "SourceDB+CoreDataClass.swift"; sourceTree = "<group>"; };
		BF8AB29C220DC396001E1DD1 /* SourceDB+CoreDataProperties.swift */ = {isa = PBXFileReference; lastKnownFileType = sourcecode.swift; path = "SourceDB+CoreDataProperties.swift"; sourceTree = "<group>"; };
		BF995B5622255EF3008DAB90 /* EZYGradientView.framework */ = {isa = PBXFileReference; explicitFileType = wrapper.framework; path = EZYGradientView.framework; sourceTree = BUILT_PRODUCTS_DIR; };
		BF9F7912221E6A8700793C52 /* Connectivity.swift */ = {isa = PBXFileReference; lastKnownFileType = sourcecode.swift; path = Connectivity.swift; sourceTree = "<group>"; };
		BFB8408F229E7E450060FF7A /* SourceSelectionCell.swift */ = {isa = PBXFileReference; fileEncoding = 4; lastKnownFileType = sourcecode.swift; path = SourceSelectionCell.swift; sourceTree = "<group>"; };
		BFCA935E2225618900949D30 /* MKProgress.framework */ = {isa = PBXFileReference; explicitFileType = wrapper.framework; path = MKProgress.framework; sourceTree = BUILT_PRODUCTS_DIR; };
		BFCEAFC222087D4A0052F972 /* MonthDataModel.swift */ = {isa = PBXFileReference; lastKnownFileType = sourcecode.swift; path = MonthDataModel.swift; sourceTree = "<group>"; };
		BFD51CCA21E4B7CE008D0480 /* Enums.swift */ = {isa = PBXFileReference; lastKnownFileType = sourcecode.swift; path = Enums.swift; sourceTree = "<group>"; };
		BFDA8EC6220030CA001C0C5A /* WebServicesUtil.swift */ = {isa = PBXFileReference; fileEncoding = 4; lastKnownFileType = sourcecode.swift; path = WebServicesUtil.swift; sourceTree = "<group>"; };
		BFDA8ECA2200310F001C0C5A /* AppConstant.swift */ = {isa = PBXFileReference; fileEncoding = 4; lastKnownFileType = sourcecode.swift; path = AppConstant.swift; sourceTree = "<group>"; };
		BFDDE1112201BE6C007B1E91 /* ProgressDataModel.swift */ = {isa = PBXFileReference; lastKnownFileType = sourcecode.swift; path = ProgressDataModel.swift; sourceTree = "<group>"; };
		BFEA1A552270424E00733177 /* iOSDropDown.framework */ = {isa = PBXFileReference; explicitFileType = wrapper.framework; path = iOSDropDown.framework; sourceTree = BUILT_PRODUCTS_DIR; };
		E7613320C25F184C560AFFB1 /* Pods-Shimmer-POCUITests.debug.xcconfig */ = {isa = PBXFileReference; includeInIndex = 1; lastKnownFileType = text.xcconfig; name = "Pods-Shimmer-POCUITests.debug.xcconfig"; path = "Pods/Target Support Files/Pods-Shimmer-POCUITests/Pods-Shimmer-POCUITests.debug.xcconfig"; sourceTree = "<group>"; };
/* End PBXFileReference section */

/* Begin PBXFrameworksBuildPhase section */
		3EC94C0620591E1800627F2B /* Frameworks */ = {
			isa = PBXFrameworksBuildPhase;
			buildActionMask = 2147483647;
			files = (
				BF18DBDA2269D2A300534BDD /* MKProgress.framework in Frameworks */,
				D3B4992E1CE27D7E17EE2C43 /* Pods_Shimmer_POC.framework in Frameworks */,
			);
			runOnlyForDeploymentPostprocessing = 0;
		};
		3EC94C1D20591E1800627F2B /* Frameworks */ = {
			isa = PBXFrameworksBuildPhase;
			buildActionMask = 2147483647;
			files = (
				0FC59766BC99E8474D4511B0 /* Pods_Shimmer_POCTests.framework in Frameworks */,
			);
			runOnlyForDeploymentPostprocessing = 0;
		};
		3EC94C2820591E1800627F2B /* Frameworks */ = {
			isa = PBXFrameworksBuildPhase;
			buildActionMask = 2147483647;
			files = (
				73D21164059876E5B2A42F6F /* Pods_Shimmer_POCUITests.framework in Frameworks */,
			);
			runOnlyForDeploymentPostprocessing = 0;
		};
/* End PBXFrameworksBuildPhase section */

/* Begin PBXGroup section */
		3EC94C0020591E1800627F2B = {
			isa = PBXGroup;
			children = (
				3EC94C0B20591E1800627F2B /* Shimmer-POC */,
				3EC94C0A20591E1800627F2B /* Products */,
				3EC94C3E20591E8C00627F2B /* Frameworks */,
				E5F10FD0F727166F3A23A744 /* Pods */,
			);
			sourceTree = "<group>";
		};
		3EC94C0A20591E1800627F2B /* Products */ = {
			isa = PBXGroup;
			children = (
				3EC94C0920591E1800627F2B /* Shimmer-POC.app */,
				3EC94C2020591E1800627F2B /* Shimmer-POCTests.xctest */,
				3EC94C2B20591E1800627F2B /* Shimmer-POCUITests.xctest */,
			);
			name = Products;
			sourceTree = "<group>";
		};
		3EC94C0B20591E1800627F2B /* Shimmer-POC */ = {
			isa = PBXGroup;
			children = (
				3EC94C45205A924700627F2B /* Shimmer-POC.entitlements */,
				41DB407821874CF800EA7877 /* Model */,
				B6832F38208724D50002539D /* Classes */,
				B6832F39208724E60002539D /* Storybord & LaunchScreen */,
				4171FE1A21916BD400A0BAA7 /* Fonts */,
				3EC94C1620591E1800627F2B /* Assets.xcassets */,
				3EC94C1B20591E1800627F2B /* Info.plist */,
			);
			path = "Shimmer-POC";
			sourceTree = "<group>";
		};
		3EC94C3E20591E8C00627F2B /* Frameworks */ = {
			isa = PBXGroup;
			children = (
				BFEA1A552270424E00733177 /* iOSDropDown.framework */,
				BF18DBD92269D2A300534BDD /* MKProgress.framework */,
				BF03F3ED226897690016F868 /* SwiftFHIR.framework */,
				BFCA935E2225618900949D30 /* MKProgress.framework */,
				BF995B5622255EF3008DAB90 /* EZYGradientView.framework */,
				418C8DFA219AB17400C1A6DA /* SwiftDate.framework */,
				41DB407221870FBF00EA7877 /* Charts.framework */,
				41DB407421870FBF00EA7877 /* CircularSliderProgress.framework */,
				A568E29593E04FEC69974D48 /* Pods_Shimmer_POC.framework */,
				60B39660D7828999D169E8FD /* Pods_Shimmer_POCTests.framework */,
				480F134EB6C1E8D51C3F4586 /* Pods_Shimmer_POCUITests.framework */,
			);
			name = Frameworks;
			sourceTree = "<group>";
		};
		3EC94C42205A7AD200627F2B /* Common */ = {
			isa = PBXGroup;
			children = (
				BFDA8ECA2200310F001C0C5A /* AppConstant.swift */,
				B6CF7CAB20BED4F70028765A /* DateExtension.swift */,
				B6CF7CAD20BED53C0028765A /* ColorExtension.swift */,
				4171FE2521916FFC00A0BAA7 /* AppTheme.swift */,
				4190C58921956A4F003104DA /* UIApplicationExtension.swift */,
				BFD51CCA21E4B7CE008D0480 /* Enums.swift */,
				BF0D5F3A21E5D4E700071335 /* CommonMethods.swift */,
				BF9F7912221E6A8700793C52 /* Connectivity.swift */,
				BF8558F72225680F00E0993C /* DesignableView.swift */,
			);
			path = Common;
			sourceTree = "<group>";
		};
		4171FE1A21916BD400A0BAA7 /* Fonts */ = {
			isa = PBXGroup;
			children = (
				4171FE3321919DAE00A0BAA7 /* Comfortaa-Bold.ttf */,
				4171FE3521919DAE00A0BAA7 /* Comfortaa-Light.ttf */,
				4171FE3421919DAE00A0BAA7 /* Comfortaa-Regular.ttf */,
				4171FE1D21916C5600A0BAA7 /* OpenSans-Bold.ttf */,
				4171FE2021916C5600A0BAA7 /* OpenSans-BoldItalic.ttf */,
				4171FE2321916C5600A0BAA7 /* OpenSans-ExtraBold.ttf */,
				4171FE2121916C5600A0BAA7 /* OpenSans-ExtraBoldItalic.ttf */,
				4171FE1E21916C5600A0BAA7 /* OpenSans-Italic.ttf */,
				4171FE1B21916C5600A0BAA7 /* OpenSans-Light.ttf */,
				4171FE1F21916C5600A0BAA7 /* OpenSans-LightItalic.ttf */,
				4171FE1C21916C5600A0BAA7 /* OpenSans-Regular.ttf */,
				4171FE2221916C5600A0BAA7 /* OpenSans-SemiBold.ttf */,
				4171FE2421916C5600A0BAA7 /* OpenSans-SemiBoldItalic.ttf */,
			);
			path = Fonts;
			sourceTree = "<group>";
		};
		41DB407821874CF800EA7877 /* Model */ = {
			isa = PBXGroup;
			children = (
				BF8AB29F220DC39C001E1DD1 /* CoreDataModel */,
				41DB407921874D1700EA7877 /* HourDataModel.swift */,
				415FB3FA218AC6BD00F43434 /* DayDataModel.swift */,
				415FB3FC218B193C00F43434 /* WeekDataModel.swift */,
				BF64B40321FB13B40003AEFE /* SourceModel.swift */,
				BFDDE1112201BE6C007B1E91 /* ProgressDataModel.swift */,
				BFCEAFC222087D4A0052F972 /* MonthDataModel.swift */,
				BF07FD90220C51D20094997E /* DBDataModel.swift */,
			);
			path = Model;
			sourceTree = "<group>";
		};
		B6832F38208724D50002539D /* Classes */ = {
			isa = PBXGroup;
			children = (
				BF5D254E220311AE00BB6404 /* Health Manager */,
				BF64B40021FB12020003AEFE /* Cell */,
				B6832F3B208725050002539D /* Delegate */,
				3EC94C42205A7AD200627F2B /* Common */,
				BFDA8EC522002DF4001C0C5A /* Web Authorization */,
				B6832F3A208724F90002539D /* Controller */,
			);
			path = Classes;
			sourceTree = "<group>";
		};
		B6832F39208724E60002539D /* Storybord & LaunchScreen */ = {
			isa = PBXGroup;
			children = (
				3EC94C1020591E1800627F2B /* Main.storyboard */,
				3EC94C1820591E1800627F2B /* LaunchScreen.storyboard */,
			);
			path = "Storybord & LaunchScreen";
			sourceTree = "<group>";
		};
		B6832F3A208724F90002539D /* Controller */ = {
			isa = PBXGroup;
			children = (
				BF64B3FC21FB116F0003AEFE /* HealthSourceViewController.swift */,
				BF64B3FE21FB11950003AEFE /* WebAuthViewController.swift */,
			);
			path = Controller;
			sourceTree = "<group>";
		};
		B6832F3B208725050002539D /* Delegate */ = {
			isa = PBXGroup;
			children = (
				3EC94C0C20591E1800627F2B /* AppDelegate.swift */,
			);
			path = Delegate;
			sourceTree = "<group>";
		};
		BF5D254E220311AE00BB6404 /* Health Manager */ = {
			isa = PBXGroup;
			children = (
				BF5D254F220311D400BB6404 /* TSHealthManager.swift */,
				BF5D25512203121A00BB6404 /* TSFitBitManager.swift */,
				BF5D25532203125100BB6404 /* TSMisFitManager.swift */,
			);
			path = "Health Manager";
			sourceTree = "<group>";
		};
		BF64B40021FB12020003AEFE /* Cell */ = {
			isa = PBXGroup;
			children = (
				BFB8408F229E7E450060FF7A /* SourceSelectionCell.swift */,
			);
			path = Cell;
			sourceTree = "<group>";
		};
		BF8AB29F220DC39C001E1DD1 /* CoreDataModel */ = {
			isa = PBXGroup;
			children = (
				BF8AB29B220DC396001E1DD1 /* SourceDB+CoreDataClass.swift */,
				BF8AB29C220DC396001E1DD1 /* SourceDB+CoreDataProperties.swift */,
			);
			path = CoreDataModel;
			sourceTree = "<group>";
		};
		BFDA8EC522002DF4001C0C5A /* Web Authorization */ = {
			isa = PBXGroup;
			children = (
				BFDA8EC6220030CA001C0C5A /* WebServicesUtil.swift */,
			);
			path = "Web Authorization";
			sourceTree = "<group>";
		};
		E5F10FD0F727166F3A23A744 /* Pods */ = {
			isa = PBXGroup;
			children = (
				4549AD3CC01BD48B80AE58F7 /* Pods-Shimmer-POC.debug.xcconfig */,
				A1434147B1ECF75FC9840810 /* Pods-Shimmer-POC.release.xcconfig */,
				410C0DD1F9BE6C7ED0EF5B33 /* Pods-Shimmer-POCTests.debug.xcconfig */,
				868D5B65ED1EE2C8214A231C /* Pods-Shimmer-POCTests.release.xcconfig */,
				E7613320C25F184C560AFFB1 /* Pods-Shimmer-POCUITests.debug.xcconfig */,
				366C98CE80A2B8CEA70929AC /* Pods-Shimmer-POCUITests.release.xcconfig */,
			);
			name = Pods;
			sourceTree = "<group>";
		};
/* End PBXGroup section */

/* Begin PBXNativeTarget section */
		3EC94C0820591E1800627F2B /* Shimmer-POC */ = {
			isa = PBXNativeTarget;
			buildConfigurationList = 3EC94C3420591E1800627F2B /* Build configuration list for PBXNativeTarget "Shimmer-POC" */;
			buildPhases = (
				D50BBB9B4542BAA520239FE2 /* [CP] Check Pods Manifest.lock */,
				3EC94C0520591E1800627F2B /* Sources */,
				3EC94C0620591E1800627F2B /* Frameworks */,
				3EC94C0720591E1800627F2B /* Resources */,
				3E6854EA222FA00200B01CCB /* ShellScript */,
				BF292F7A226A0DE400EF384A /* Embed Frameworks */,
				019F2FCEC6BCBD29D700AD2E /* [CP] Embed Pods Frameworks */,
			);
			buildRules = (
			);
			dependencies = (
			);
			name = "Shimmer-POC";
			productName = StepsTracker;
			productReference = 3EC94C0920591E1800627F2B /* Shimmer-POC.app */;
			productType = "com.apple.product-type.application";
		};
		3EC94C1F20591E1800627F2B /* Shimmer-POCTests */ = {
			isa = PBXNativeTarget;
			buildConfigurationList = 3EC94C3720591E1800627F2B /* Build configuration list for PBXNativeTarget "Shimmer-POCTests" */;
			buildPhases = (
				DFBE7775E202FDA2277408D3 /* [CP] Check Pods Manifest.lock */,
				3EC94C1C20591E1800627F2B /* Sources */,
				3EC94C1D20591E1800627F2B /* Frameworks */,
				3EC94C1E20591E1800627F2B /* Resources */,
			);
			buildRules = (
			);
			dependencies = (
				3EC94C2220591E1800627F2B /* PBXTargetDependency */,
			);
			name = "Shimmer-POCTests";
			productName = StepsTrackerTests;
			productReference = 3EC94C2020591E1800627F2B /* Shimmer-POCTests.xctest */;
			productType = "com.apple.product-type.bundle.unit-test";
		};
		3EC94C2A20591E1800627F2B /* Shimmer-POCUITests */ = {
			isa = PBXNativeTarget;
			buildConfigurationList = 3EC94C3A20591E1800627F2B /* Build configuration list for PBXNativeTarget "Shimmer-POCUITests" */;
			buildPhases = (
				F56DD194DA186FD09AD53FF5 /* [CP] Check Pods Manifest.lock */,
				3EC94C2720591E1800627F2B /* Sources */,
				3EC94C2820591E1800627F2B /* Frameworks */,
				3EC94C2920591E1800627F2B /* Resources */,
			);
			buildRules = (
			);
			dependencies = (
				3EC94C2D20591E1800627F2B /* PBXTargetDependency */,
			);
			name = "Shimmer-POCUITests";
			productName = StepsTrackerUITests;
			productReference = 3EC94C2B20591E1800627F2B /* Shimmer-POCUITests.xctest */;
			productType = "com.apple.product-type.bundle.ui-testing";
		};
/* End PBXNativeTarget section */

/* Begin PBXProject section */
		3EC94C0120591E1800627F2B /* Project object */ = {
			isa = PBXProject;
			attributes = {
				LastSwiftUpdateCheck = 0920;
				LastUpgradeCheck = 0920;
				ORGANIZATIONNAME = "Technosoft Solutions";
				TargetAttributes = {
					3EC94C0820591E1800627F2B = {
						CreatedOnToolsVersion = 9.2;
						ProvisioningStyle = Automatic;
						SystemCapabilities = {
							com.apple.HealthKit = {
								enabled = 0;
							};
						};
					};
					3EC94C1F20591E1800627F2B = {
						CreatedOnToolsVersion = 9.2;
						ProvisioningStyle = Automatic;
						TestTargetID = 3EC94C0820591E1800627F2B;
					};
					3EC94C2A20591E1800627F2B = {
						CreatedOnToolsVersion = 9.2;
						ProvisioningStyle = Automatic;
						TestTargetID = 3EC94C0820591E1800627F2B;
					};
				};
			};
			buildConfigurationList = 3EC94C0420591E1800627F2B /* Build configuration list for PBXProject "Shimmer-POC" */;
			compatibilityVersion = "Xcode 8.0";
			developmentRegion = en;
			hasScannedForEncodings = 0;
			knownRegions = (
				en,
				Base,
			);
			mainGroup = 3EC94C0020591E1800627F2B;
			productRefGroup = 3EC94C0A20591E1800627F2B /* Products */;
			projectDirPath = "";
			projectRoot = "";
			targets = (
				3EC94C0820591E1800627F2B /* Shimmer-POC */,
				3EC94C1F20591E1800627F2B /* Shimmer-POCTests */,
				3EC94C2A20591E1800627F2B /* Shimmer-POCUITests */,
			);
		};
/* End PBXProject section */

/* Begin PBXResourcesBuildPhase section */
		3EC94C0720591E1800627F2B /* Resources */ = {
			isa = PBXResourcesBuildPhase;
			buildActionMask = 2147483647;
			files = (
				3EC94C1A20591E1800627F2B /* LaunchScreen.storyboard in Resources */,
				4171FE3621919DAE00A0BAA7 /* Comfortaa-Bold.ttf in Resources */,
				4171FE2E2191883400A0BAA7 /* OpenSans-Regular.ttf in Resources */,
				4171FE2B2191883400A0BAA7 /* OpenSans-Italic.ttf in Resources */,
				4171FE302191883400A0BAA7 /* OpenSans-SemiBoldItalic.ttf in Resources */,
				4171FE2A2191883400A0BAA7 /* OpenSans-ExtraBoldItalic.ttf in Resources */,
				4171FE2F2191883400A0BAA7 /* OpenSans-SemiBold.ttf in Resources */,
				3EC94C1720591E1800627F2B /* Assets.xcassets in Resources */,
				4171FE2D2191883400A0BAA7 /* OpenSans-LightItalic.ttf in Resources */,
				4171FE272191882C00A0BAA7 /* OpenSans-Bold.ttf in Resources */,
				3EC94C1220591E1800627F2B /* Main.storyboard in Resources */,
				4171FE3821919DAE00A0BAA7 /* Comfortaa-Light.ttf in Resources */,
				4171FE3721919DAE00A0BAA7 /* Comfortaa-Regular.ttf in Resources */,
				4171FE2C2191883400A0BAA7 /* OpenSans-Light.ttf in Resources */,
				4171FE282191882F00A0BAA7 /* OpenSans-BoldItalic.ttf in Resources */,
				4171FE292191883400A0BAA7 /* OpenSans-ExtraBold.ttf in Resources */,
			);
			runOnlyForDeploymentPostprocessing = 0;
		};
		3EC94C1E20591E1800627F2B /* Resources */ = {
			isa = PBXResourcesBuildPhase;
			buildActionMask = 2147483647;
			files = (
			);
			runOnlyForDeploymentPostprocessing = 0;
		};
		3EC94C2920591E1800627F2B /* Resources */ = {
			isa = PBXResourcesBuildPhase;
			buildActionMask = 2147483647;
			files = (
			);
			runOnlyForDeploymentPostprocessing = 0;
		};
/* End PBXResourcesBuildPhase section */

/* Begin PBXShellScriptBuildPhase section */
		019F2FCEC6BCBD29D700AD2E /* [CP] Embed Pods Frameworks */ = {
			isa = PBXShellScriptBuildPhase;
			buildActionMask = 2147483647;
			files = (
			);
			inputPaths = (
				"${SRCROOT}/Pods/Target Support Files/Pods-Shimmer-POC/Pods-Shimmer-POC-frameworks.sh",
				"${BUILT_PRODUCTS_DIR}/Alamofire/Alamofire.framework",
				"${BUILT_PRODUCTS_DIR}/MKProgress/MKProgress.framework",
				"${BUILT_PRODUCTS_DIR}/iOSDropDown/iOSDropDown.framework",
			);
			name = "[CP] Embed Pods Frameworks";
			outputPaths = (
				"${TARGET_BUILD_DIR}/${FRAMEWORKS_FOLDER_PATH}/Alamofire.framework",
				"${TARGET_BUILD_DIR}/${FRAMEWORKS_FOLDER_PATH}/MKProgress.framework",
				"${TARGET_BUILD_DIR}/${FRAMEWORKS_FOLDER_PATH}/iOSDropDown.framework",
			);
			runOnlyForDeploymentPostprocessing = 0;
			shellPath = /bin/sh;
			shellScript = "\"${SRCROOT}/Pods/Target Support Files/Pods-Shimmer-POC/Pods-Shimmer-POC-frameworks.sh\"\n";
			showEnvVarsInLog = 0;
		};
		3E6854EA222FA00200B01CCB /* ShellScript */ = {
			isa = PBXShellScriptBuildPhase;
			buildActionMask = 2147483647;
			files = (
			);
			inputPaths = (
				"$(BUILT_PRODUCTS_DIR)/$(INFOPLIST_PATH)",
			);
			outputPaths = (
			);
			runOnlyForDeploymentPostprocessing = 0;
			shellPath = /bin/sh;
			shellScript = "# Type a script or drag a script file from your workspace to insert its path.\n\"${PODS_ROOT}/Fabric/run\"\n";
		};
		D50BBB9B4542BAA520239FE2 /* [CP] Check Pods Manifest.lock */ = {
			isa = PBXShellScriptBuildPhase;
			buildActionMask = 2147483647;
			files = (
			);
			inputPaths = (
				"${PODS_PODFILE_DIR_PATH}/Podfile.lock",
				"${PODS_ROOT}/Manifest.lock",
			);
			name = "[CP] Check Pods Manifest.lock";
			outputPaths = (
				"$(DERIVED_FILE_DIR)/Pods-Shimmer-POC-checkManifestLockResult.txt",
			);
			runOnlyForDeploymentPostprocessing = 0;
			shellPath = /bin/sh;
			shellScript = "diff \"${PODS_PODFILE_DIR_PATH}/Podfile.lock\" \"${PODS_ROOT}/Manifest.lock\" > /dev/null\nif [ $? != 0 ] ; then\n    # print error to STDERR\n    echo \"error: The sandbox is not in sync with the Podfile.lock. Run 'pod install' or update your CocoaPods installation.\" >&2\n    exit 1\nfi\n# This output is used by Xcode 'outputs' to avoid re-running this script phase.\necho \"SUCCESS\" > \"${SCRIPT_OUTPUT_FILE_0}\"\n";
			showEnvVarsInLog = 0;
		};
		DFBE7775E202FDA2277408D3 /* [CP] Check Pods Manifest.lock */ = {
			isa = PBXShellScriptBuildPhase;
			buildActionMask = 2147483647;
			files = (
			);
			inputPaths = (
				"${PODS_PODFILE_DIR_PATH}/Podfile.lock",
				"${PODS_ROOT}/Manifest.lock",
			);
			name = "[CP] Check Pods Manifest.lock";
			outputPaths = (
				"$(DERIVED_FILE_DIR)/Pods-Shimmer-POCTests-checkManifestLockResult.txt",
			);
			runOnlyForDeploymentPostprocessing = 0;
			shellPath = /bin/sh;
			shellScript = "diff \"${PODS_PODFILE_DIR_PATH}/Podfile.lock\" \"${PODS_ROOT}/Manifest.lock\" > /dev/null\nif [ $? != 0 ] ; then\n    # print error to STDERR\n    echo \"error: The sandbox is not in sync with the Podfile.lock. Run 'pod install' or update your CocoaPods installation.\" >&2\n    exit 1\nfi\n# This output is used by Xcode 'outputs' to avoid re-running this script phase.\necho \"SUCCESS\" > \"${SCRIPT_OUTPUT_FILE_0}\"\n";
			showEnvVarsInLog = 0;
		};
		F56DD194DA186FD09AD53FF5 /* [CP] Check Pods Manifest.lock */ = {
			isa = PBXShellScriptBuildPhase;
			buildActionMask = 2147483647;
			files = (
			);
			inputPaths = (
				"${PODS_PODFILE_DIR_PATH}/Podfile.lock",
				"${PODS_ROOT}/Manifest.lock",
			);
			name = "[CP] Check Pods Manifest.lock";
			outputPaths = (
				"$(DERIVED_FILE_DIR)/Pods-Shimmer-POCUITests-checkManifestLockResult.txt",
			);
			runOnlyForDeploymentPostprocessing = 0;
			shellPath = /bin/sh;
			shellScript = "diff \"${PODS_PODFILE_DIR_PATH}/Podfile.lock\" \"${PODS_ROOT}/Manifest.lock\" > /dev/null\nif [ $? != 0 ] ; then\n    # print error to STDERR\n    echo \"error: The sandbox is not in sync with the Podfile.lock. Run 'pod install' or update your CocoaPods installation.\" >&2\n    exit 1\nfi\n# This output is used by Xcode 'outputs' to avoid re-running this script phase.\necho \"SUCCESS\" > \"${SCRIPT_OUTPUT_FILE_0}\"\n";
			showEnvVarsInLog = 0;
		};
/* End PBXShellScriptBuildPhase section */

/* Begin PBXSourcesBuildPhase section */
		3EC94C0520591E1800627F2B /* Sources */ = {
			isa = PBXSourcesBuildPhase;
			buildActionMask = 2147483647;
			files = (
				B6CF7CAC20BED4F70028765A /* DateExtension.swift in Sources */,
				BF64B3FD21FB116F0003AEFE /* HealthSourceViewController.swift in Sources */,
				BF8AB29D220DC396001E1DD1 /* SourceDB+CoreDataClass.swift in Sources */,
				415FB3FB218AC6BD00F43434 /* DayDataModel.swift in Sources */,
				BF8558F82225680F00E0993C /* DesignableView.swift in Sources */,
				41DB407A21874D1700EA7877 /* HourDataModel.swift in Sources */,
				BF64B3FF21FB11950003AEFE /* WebAuthViewController.swift in Sources */,
				BF8AB29E220DC396001E1DD1 /* SourceDB+CoreDataProperties.swift in Sources */,
				4171FE2621916FFC00A0BAA7 /* AppTheme.swift in Sources */,
				B6CF7CAE20BED53C0028765A /* ColorExtension.swift in Sources */,
				BFB84093229E7E450060FF7A /* SourceSelectionCell.swift in Sources */,
				BFA00FF4220B1898003BADF8 /* TSMisFitManager.swift in Sources */,
				415FB3FD218B193C00F43434 /* WeekDataModel.swift in Sources */,
				4190C58A21956A4F003104DA /* UIApplicationExtension.swift in Sources */,
				BFD51CCB21E4B7CE008D0480 /* Enums.swift in Sources */,
				BFDDE1122201BE6C007B1E91 /* ProgressDataModel.swift in Sources */,
				3EC94C0D20591E1800627F2B /* AppDelegate.swift in Sources */,
				BFA00FF3220B1898003BADF8 /* TSFitBitManager.swift in Sources */,
				BF07FD91220C51D20094997E /* DBDataModel.swift in Sources */,
				BF5D2550220311D400BB6404 /* TSHealthManager.swift in Sources */,
				BFDA8ECB2200310F001C0C5A /* AppConstant.swift in Sources */,
				BFDA8EC7220030CA001C0C5A /* WebServicesUtil.swift in Sources */,
				BFCEAFC322087D4A0052F972 /* MonthDataModel.swift in Sources */,
				BF9F7913221E6A8700793C52 /* Connectivity.swift in Sources */,
				BF64B40421FB13B40003AEFE /* SourceModel.swift in Sources */,
				BF0D5F3B21E5D4E700071335 /* CommonMethods.swift in Sources */,
			);
			runOnlyForDeploymentPostprocessing = 0;
		};
		3EC94C1C20591E1800627F2B /* Sources */ = {
			isa = PBXSourcesBuildPhase;
			buildActionMask = 2147483647;
			files = (
			);
			runOnlyForDeploymentPostprocessing = 0;
		};
		3EC94C2720591E1800627F2B /* Sources */ = {
			isa = PBXSourcesBuildPhase;
			buildActionMask = 2147483647;
			files = (
			);
			runOnlyForDeploymentPostprocessing = 0;
		};
/* End PBXSourcesBuildPhase section */

/* Begin PBXTargetDependency section */
		3EC94C2220591E1800627F2B /* PBXTargetDependency */ = {
			isa = PBXTargetDependency;
			target = 3EC94C0820591E1800627F2B /* Shimmer-POC */;
			targetProxy = 3EC94C2120591E1800627F2B /* PBXContainerItemProxy */;
		};
		3EC94C2D20591E1800627F2B /* PBXTargetDependency */ = {
			isa = PBXTargetDependency;
			target = 3EC94C0820591E1800627F2B /* Shimmer-POC */;
			targetProxy = 3EC94C2C20591E1800627F2B /* PBXContainerItemProxy */;
		};
/* End PBXTargetDependency section */

/* Begin PBXVariantGroup section */
		3EC94C1020591E1800627F2B /* Main.storyboard */ = {
			isa = PBXVariantGroup;
			children = (
				3EC94C1120591E1800627F2B /* Base */,
			);
			name = Main.storyboard;
			sourceTree = "<group>";
		};
		3EC94C1820591E1800627F2B /* LaunchScreen.storyboard */ = {
			isa = PBXVariantGroup;
			children = (
				3EC94C1920591E1800627F2B /* Base */,
			);
			name = LaunchScreen.storyboard;
			sourceTree = "<group>";
		};
/* End PBXVariantGroup section */

/* Begin XCBuildConfiguration section */
		3EC94C3220591E1800627F2B /* Debug */ = {
			isa = XCBuildConfiguration;
			buildSettings = {
				ALWAYS_SEARCH_USER_PATHS = NO;
				CLANG_ANALYZER_NONNULL = YES;
				CLANG_ANALYZER_NUMBER_OBJECT_CONVERSION = YES_AGGRESSIVE;
				CLANG_CXX_LANGUAGE_STANDARD = "gnu++14";
				CLANG_CXX_LIBRARY = "libc++";
				CLANG_ENABLE_MODULES = YES;
				CLANG_ENABLE_OBJC_ARC = YES;
				CLANG_WARN_BLOCK_CAPTURE_AUTORELEASING = YES;
				CLANG_WARN_BOOL_CONVERSION = YES;
				CLANG_WARN_COMMA = YES;
				CLANG_WARN_CONSTANT_CONVERSION = YES;
				CLANG_WARN_DIRECT_OBJC_ISA_USAGE = YES_ERROR;
				CLANG_WARN_DOCUMENTATION_COMMENTS = YES;
				CLANG_WARN_EMPTY_BODY = YES;
				CLANG_WARN_ENUM_CONVERSION = YES;
				CLANG_WARN_INFINITE_RECURSION = YES;
				CLANG_WARN_INT_CONVERSION = YES;
				CLANG_WARN_NON_LITERAL_NULL_CONVERSION = YES;
				CLANG_WARN_OBJC_LITERAL_CONVERSION = YES;
				CLANG_WARN_OBJC_ROOT_CLASS = YES_ERROR;
				CLANG_WARN_RANGE_LOOP_ANALYSIS = YES;
				CLANG_WARN_STRICT_PROTOTYPES = YES;
				CLANG_WARN_SUSPICIOUS_MOVE = YES;
				CLANG_WARN_UNGUARDED_AVAILABILITY = YES_AGGRESSIVE;
				CLANG_WARN_UNREACHABLE_CODE = YES;
				CLANG_WARN__DUPLICATE_METHOD_MATCH = YES;
				CODE_SIGN_IDENTITY = "iPhone Developer";
				COPY_PHASE_STRIP = NO;
				DEBUG_INFORMATION_FORMAT = dwarf;
				ENABLE_STRICT_OBJC_MSGSEND = YES;
				ENABLE_TESTABILITY = YES;
				GCC_C_LANGUAGE_STANDARD = gnu11;
				GCC_DYNAMIC_NO_PIC = NO;
				GCC_NO_COMMON_BLOCKS = YES;
				GCC_OPTIMIZATION_LEVEL = 0;
				GCC_PREPROCESSOR_DEFINITIONS = (
					"DEBUG=1",
					"$(inherited)",
				);
				GCC_WARN_64_TO_32_BIT_CONVERSION = YES;
				GCC_WARN_ABOUT_RETURN_TYPE = YES_ERROR;
				GCC_WARN_UNDECLARED_SELECTOR = YES;
				GCC_WARN_UNINITIALIZED_AUTOS = YES_AGGRESSIVE;
				GCC_WARN_UNUSED_FUNCTION = YES;
				GCC_WARN_UNUSED_VARIABLE = YES;
				IPHONEOS_DEPLOYMENT_TARGET = 11.2;
				MTL_ENABLE_DEBUG_INFO = YES;
				ONLY_ACTIVE_ARCH = YES;
				SDKROOT = iphoneos;
				SWIFT_ACTIVE_COMPILATION_CONDITIONS = DEBUG;
				SWIFT_OPTIMIZATION_LEVEL = "-Onone";
			};
			name = Debug;
		};
		3EC94C3320591E1800627F2B /* Release */ = {
			isa = XCBuildConfiguration;
			buildSettings = {
				ALWAYS_SEARCH_USER_PATHS = NO;
				CLANG_ANALYZER_NONNULL = YES;
				CLANG_ANALYZER_NUMBER_OBJECT_CONVERSION = YES_AGGRESSIVE;
				CLANG_CXX_LANGUAGE_STANDARD = "gnu++14";
				CLANG_CXX_LIBRARY = "libc++";
				CLANG_ENABLE_MODULES = YES;
				CLANG_ENABLE_OBJC_ARC = YES;
				CLANG_WARN_BLOCK_CAPTURE_AUTORELEASING = YES;
				CLANG_WARN_BOOL_CONVERSION = YES;
				CLANG_WARN_COMMA = YES;
				CLANG_WARN_CONSTANT_CONVERSION = YES;
				CLANG_WARN_DIRECT_OBJC_ISA_USAGE = YES_ERROR;
				CLANG_WARN_DOCUMENTATION_COMMENTS = YES;
				CLANG_WARN_EMPTY_BODY = YES;
				CLANG_WARN_ENUM_CONVERSION = YES;
				CLANG_WARN_INFINITE_RECURSION = YES;
				CLANG_WARN_INT_CONVERSION = YES;
				CLANG_WARN_NON_LITERAL_NULL_CONVERSION = YES;
				CLANG_WARN_OBJC_LITERAL_CONVERSION = YES;
				CLANG_WARN_OBJC_ROOT_CLASS = YES_ERROR;
				CLANG_WARN_RANGE_LOOP_ANALYSIS = YES;
				CLANG_WARN_STRICT_PROTOTYPES = YES;
				CLANG_WARN_SUSPICIOUS_MOVE = YES;
				CLANG_WARN_UNGUARDED_AVAILABILITY = YES_AGGRESSIVE;
				CLANG_WARN_UNREACHABLE_CODE = YES;
				CLANG_WARN__DUPLICATE_METHOD_MATCH = YES;
				CODE_SIGN_IDENTITY = "iPhone Developer";
				COPY_PHASE_STRIP = NO;
				DEBUG_INFORMATION_FORMAT = "dwarf-with-dsym";
				ENABLE_NS_ASSERTIONS = NO;
				ENABLE_STRICT_OBJC_MSGSEND = YES;
				GCC_C_LANGUAGE_STANDARD = gnu11;
				GCC_NO_COMMON_BLOCKS = YES;
				GCC_WARN_64_TO_32_BIT_CONVERSION = YES;
				GCC_WARN_ABOUT_RETURN_TYPE = YES_ERROR;
				GCC_WARN_UNDECLARED_SELECTOR = YES;
				GCC_WARN_UNINITIALIZED_AUTOS = YES_AGGRESSIVE;
				GCC_WARN_UNUSED_FUNCTION = YES;
				GCC_WARN_UNUSED_VARIABLE = YES;
				IPHONEOS_DEPLOYMENT_TARGET = 11.2;
				MTL_ENABLE_DEBUG_INFO = NO;
				SDKROOT = iphoneos;
				SWIFT_OPTIMIZATION_LEVEL = "-Owholemodule";
				VALIDATE_PRODUCT = YES;
			};
			name = Release;
		};
		3EC94C3520591E1800627F2B /* Debug */ = {
			isa = XCBuildConfiguration;
			baseConfigurationReference = 4549AD3CC01BD48B80AE58F7 /* Pods-Shimmer-POC.debug.xcconfig */;
			buildSettings = {
				CODE_SIGN_IDENTITY = "iPhone Developer";
				CODE_SIGN_STYLE = Automatic;
				DEBUG_INFORMATION_FORMAT = "dwarf-with-dsym";
				DEVELOPMENT_TEAM = 4EA9N38245;
				FRAMEWORK_SEARCH_PATHS = (
					"$(inherited)",
					"$(PROJECT_DIR)",
				);
				INFOPLIST_FILE = "$(SRCROOT)/Shimmer-POC/Info.plist";
				IPHONEOS_DEPLOYMENT_TARGET = 10.0;
				LD_RUNPATH_SEARCH_PATHS = "$(inherited) @executable_path/Frameworks";
				PRODUCT_BUNDLE_IDENTIFIER = "com.ts.shimmer-poc";
				PRODUCT_NAME = "$(TARGET_NAME)";
				PROVISIONING_PROFILE = "";
				PROVISIONING_PROFILE_SPECIFIER = "";
				SWIFT_VERSION = 4.2;
				TARGETED_DEVICE_FAMILY = 1;
			};
			name = Debug;
		};
		3EC94C3620591E1800627F2B /* Release */ = {
			isa = XCBuildConfiguration;
			baseConfigurationReference = A1434147B1ECF75FC9840810 /* Pods-Shimmer-POC.release.xcconfig */;
			buildSettings = {
				CODE_SIGN_IDENTITY = "iPhone Developer";
				CODE_SIGN_STYLE = Automatic;
				DEVELOPMENT_TEAM = 4EA9N38245;
				FRAMEWORK_SEARCH_PATHS = (
					"$(inherited)",
					"$(PROJECT_DIR)",
				);
				INFOPLIST_FILE = "$(SRCROOT)/Shimmer-POC/Info.plist";
				IPHONEOS_DEPLOYMENT_TARGET = 10.0;
				LD_RUNPATH_SEARCH_PATHS = "$(inherited) @executable_path/Frameworks";
				PRODUCT_BUNDLE_IDENTIFIER = "com.ts.shimmer-poc";
				PRODUCT_NAME = "$(TARGET_NAME)";
				PROVISIONING_PROFILE_SPECIFIER = "";
				SWIFT_VERSION = 4.2;
				TARGETED_DEVICE_FAMILY = 1;
			};
			name = Release;
		};
		3EC94C3820591E1800627F2B /* Debug */ = {
			isa = XCBuildConfiguration;
			baseConfigurationReference = 410C0DD1F9BE6C7ED0EF5B33 /* Pods-Shimmer-POCTests.debug.xcconfig */;
			buildSettings = {
				ALWAYS_EMBED_SWIFT_STANDARD_LIBRARIES = YES;
				BUNDLE_LOADER = "$(TEST_HOST)";
				CODE_SIGN_STYLE = Automatic;
				DEVELOPMENT_TEAM = 4EA9N38245;
				INFOPLIST_FILE = "";
				LD_RUNPATH_SEARCH_PATHS = "$(inherited) @executable_path/Frameworks @loader_path/Frameworks";
				PRODUCT_BUNDLE_IDENTIFIER = "";
				PRODUCT_NAME = "$(TARGET_NAME)";
				SWIFT_VERSION = 4.0;
				TARGETED_DEVICE_FAMILY = "1,2";
				TEST_HOST = "$(BUILT_PRODUCTS_DIR)/Shimmer-POC.app/Shimmer-POC";
			};
			name = Debug;
		};
		3EC94C3920591E1800627F2B /* Release */ = {
			isa = XCBuildConfiguration;
			baseConfigurationReference = 868D5B65ED1EE2C8214A231C /* Pods-Shimmer-POCTests.release.xcconfig */;
			buildSettings = {
				ALWAYS_EMBED_SWIFT_STANDARD_LIBRARIES = YES;
				BUNDLE_LOADER = "$(TEST_HOST)";
				CODE_SIGN_STYLE = Automatic;
				DEVELOPMENT_TEAM = 4EA9N38245;
				INFOPLIST_FILE = "";
				LD_RUNPATH_SEARCH_PATHS = "$(inherited) @executable_path/Frameworks @loader_path/Frameworks";
				PRODUCT_BUNDLE_IDENTIFIER = "";
				PRODUCT_NAME = "$(TARGET_NAME)";
				SWIFT_VERSION = 4.0;
				TARGETED_DEVICE_FAMILY = "1,2";
				TEST_HOST = "$(BUILT_PRODUCTS_DIR)/Shimmer-POC.app/Shimmer-POC";
			};
			name = Release;
		};
		3EC94C3B20591E1800627F2B /* Debug */ = {
			isa = XCBuildConfiguration;
			baseConfigurationReference = E7613320C25F184C560AFFB1 /* Pods-Shimmer-POCUITests.debug.xcconfig */;
			buildSettings = {
				ALWAYS_EMBED_SWIFT_STANDARD_LIBRARIES = YES;
				CODE_SIGN_STYLE = Automatic;
				DEVELOPMENT_TEAM = 4EA9N38245;
				INFOPLIST_FILE = "";
				LD_RUNPATH_SEARCH_PATHS = "$(inherited) @executable_path/Frameworks @loader_path/Frameworks";
				PRODUCT_BUNDLE_IDENTIFIER = "";
				PRODUCT_NAME = "$(TARGET_NAME)";
				SWIFT_VERSION = 4.0;
				TARGETED_DEVICE_FAMILY = "1,2";
				TEST_TARGET_NAME = "";
			};
			name = Debug;
		};
		3EC94C3C20591E1800627F2B /* Release */ = {
			isa = XCBuildConfiguration;
			baseConfigurationReference = 366C98CE80A2B8CEA70929AC /* Pods-Shimmer-POCUITests.release.xcconfig */;
			buildSettings = {
				ALWAYS_EMBED_SWIFT_STANDARD_LIBRARIES = YES;
				CODE_SIGN_STYLE = Automatic;
				DEVELOPMENT_TEAM = 4EA9N38245;
				INFOPLIST_FILE = "";
				LD_RUNPATH_SEARCH_PATHS = "$(inherited) @executable_path/Frameworks @loader_path/Frameworks";
				PRODUCT_BUNDLE_IDENTIFIER = "";
				PRODUCT_NAME = "$(TARGET_NAME)";
				SWIFT_VERSION = 4.0;
				TARGETED_DEVICE_FAMILY = "1,2";
				TEST_TARGET_NAME = "";
			};
			name = Release;
		};
/* End XCBuildConfiguration section */

/* Begin XCConfigurationList section */
		3EC94C0420591E1800627F2B /* Build configuration list for PBXProject "Shimmer-POC" */ = {
			isa = XCConfigurationList;
			buildConfigurations = (
				3EC94C3220591E1800627F2B /* Debug */,
				3EC94C3320591E1800627F2B /* Release */,
			);
			defaultConfigurationIsVisible = 0;
			defaultConfigurationName = Release;
		};
		3EC94C3420591E1800627F2B /* Build configuration list for PBXNativeTarget "Shimmer-POC" */ = {
			isa = XCConfigurationList;
			buildConfigurations = (
				3EC94C3520591E1800627F2B /* Debug */,
				3EC94C3620591E1800627F2B /* Release */,
			);
			defaultConfigurationIsVisible = 0;
			defaultConfigurationName = Release;
		};
		3EC94C3720591E1800627F2B /* Build configuration list for PBXNativeTarget "Shimmer-POCTests" */ = {
			isa = XCConfigurationList;
			buildConfigurations = (
				3EC94C3820591E1800627F2B /* Debug */,
				3EC94C3920591E1800627F2B /* Release */,
			);
			defaultConfigurationIsVisible = 0;
			defaultConfigurationName = Release;
		};
		3EC94C3A20591E1800627F2B /* Build configuration list for PBXNativeTarget "Shimmer-POCUITests" */ = {
			isa = XCConfigurationList;
			buildConfigurations = (
				3EC94C3B20591E1800627F2B /* Debug */,
				3EC94C3C20591E1800627F2B /* Release */,
			);
			defaultConfigurationIsVisible = 0;
			defaultConfigurationName = Release;
		};
/* End XCConfigurationList section */
	};
	rootObject = 3EC94C0120591E1800627F2B /* Project object */;
}
